// !$*UTF8*$!
{
	archiveVersion = 1;
	classes = {
	};
	objectVersion = 48;
	objects = {

/* Begin PBXBuildFile section */
		890F9CC820BC6A3700D36A9A /* FirstFile.swift in Sources */ = {isa = PBXBuildFile; fileRef = 890F9CC720BC6A3700D36A9A /* FirstFile.swift */; };
		890F9CCA20BC6A4400D36A9A /* SecondFile.swift in Sources */ = {isa = PBXBuildFile; fileRef = 890F9CC920BC6A4400D36A9A /* SecondFile.swift */; };
		890F9CCD20BD77AE00D36A9A /* SharedPreference.swift in Sources */ = {isa = PBXBuildFile; fileRef = 890F9CCC20BD77AE00D36A9A /* SharedPreference.swift */; };
		89266C701FCC64E6000615CA /* RatingControl.swift in Sources */ = {isa = PBXBuildFile; fileRef = 89266C6F1FCC64E6000615CA /* RatingControl.swift */; };
		8939800420C1C11800E45987 /* BaseAggregate.swift in Sources */ = {isa = PBXBuildFile; fileRef = 8939800320C1C11800E45987 /* BaseAggregate.swift */; };
		8939800620C1C1FE00E45987 /* BloodGlucoseAggregate.swift in Sources */ = {isa = PBXBuildFile; fileRef = 8939800520C1C1FE00E45987 /* BloodGlucoseAggregate.swift */; };
		8939800820C1C2B500E45987 /* GenericBehave.swift in Sources */ = {isa = PBXBuildFile; fileRef = 8939800720C1C2B500E45987 /* GenericBehave.swift */; };
		893FDD652003ED8D00DD3D99 /* ModalViewController.swift in Sources */ = {isa = PBXBuildFile; fileRef = 893FDD632003ED8D00DD3D99 /* ModalViewController.swift */; };
		893FDD662003ED8D00DD3D99 /* ModalViewController.xib in Resources */ = {isa = PBXBuildFile; fileRef = 893FDD642003ED8D00DD3D99 /* ModalViewController.xib */; };
		8947841F20E6BFDD00AEBACE /* SwiftTimer.swift in Sources */ = {isa = PBXBuildFile; fileRef = 8947841E20E6BFDD00AEBACE /* SwiftTimer.swift */; };
		8948CC962108EFBC0030062F /* DateTime.swift in Sources */ = {isa = PBXBuildFile; fileRef = 8948CC952108EFBC0030062F /* DateTime.swift */; };
		89595EED1FD244F0008A3CE5 /* UiTableViewTestViewController.swift in Sources */ = {isa = PBXBuildFile; fileRef = 89595EEB1FD244F0008A3CE5 /* UiTableViewTestViewController.swift */; };
		89595EEE1FD244F0008A3CE5 /* UiTableViewTestViewController.xib in Resources */ = {isa = PBXBuildFile; fileRef = 89595EEC1FD244F0008A3CE5 /* UiTableViewTestViewController.xib */; };
		8969B0DF1FBFC82400C6B8B0 /* Function.swift in Sources */ = {isa = PBXBuildFile; fileRef = 8969B0DE1FBFC82400C6B8B0 /* Function.swift */; };
		8969B0E11FC024CF00C6B8B0 /* Closure.swift in Sources */ = {isa = PBXBuildFile; fileRef = 8969B0E01FC024CF00C6B8B0 /* Closure.swift */; };
		8987F71120D8ECD900979222 /* CollectionViewController.swift in Sources */ = {isa = PBXBuildFile; fileRef = 8987F70F20D8ECD900979222 /* CollectionViewController.swift */; };
		8987F71220D8ECD900979222 /* CollectionViewController.xib in Resources */ = {isa = PBXBuildFile; fileRef = 8987F71020D8ECD900979222 /* CollectionViewController.xib */; };
		8987F71520D8FC1500979222 /* CustomCollectionViewCell.swift in Sources */ = {isa = PBXBuildFile; fileRef = 8987F71320D8FC1500979222 /* CustomCollectionViewCell.swift */; };
		8987F71620D8FC1500979222 /* CustomCollectionViewCell.xib in Resources */ = {isa = PBXBuildFile; fileRef = 8987F71420D8FC1500979222 /* CustomCollectionViewCell.xib */; };
		8993C81A20C843FF00632452 /* CenterViewController.swift in Sources */ = {isa = PBXBuildFile; fileRef = 8993C81820C843FF00632452 /* CenterViewController.swift */; };
		8993C81B20C843FF00632452 /* CenterViewController.xib in Resources */ = {isa = PBXBuildFile; fileRef = 8993C81920C843FF00632452 /* CenterViewController.xib */; };
		8993C81D20C84B9200632452 /* square.png in Resources */ = {isa = PBXBuildFile; fileRef = 8993C81C20C84B9200632452 /* square.png */; };
		899E491B20F3DB1800F434B4 /* ShareViaView.xib in Resources */ = {isa = PBXBuildFile; fileRef = 899E491A20F3DB1800F434B4 /* ShareViaView.xib */; };
		899E491D20F3DB8200F434B4 /* ShareViaView.swift in Sources */ = {isa = PBXBuildFile; fileRef = 899E491C20F3DB8200F434B4 /* ShareViaView.swift */; };
		899E492020F3E28200F434B4 /* ShareViaViewController.swift in Sources */ = {isa = PBXBuildFile; fileRef = 899E491E20F3E28200F434B4 /* ShareViaViewController.swift */; };
		899E492120F3E28200F434B4 /* ShareViaViewController.xib in Resources */ = {isa = PBXBuildFile; fileRef = 899E491F20F3E28200F434B4 /* ShareViaViewController.xib */; };
		89A17EBD20C73CB7004B694C /* SortArray.swift in Sources */ = {isa = PBXBuildFile; fileRef = 89A17EBC20C73CB7004B694C /* SortArray.swift */; };
		89A723EB2104F2C100D97F1C /* DotGraphView.swift in Sources */ = {isa = PBXBuildFile; fileRef = 89A723EA2104F2C100D97F1C /* DotGraphView.swift */; };
		89A723EE2104F7C200D97F1C /* GraphViewController.swift in Sources */ = {isa = PBXBuildFile; fileRef = 89A723EC2104F7C200D97F1C /* GraphViewController.swift */; };
		89A723EF2104F7C200D97F1C /* GraphViewController.xib in Resources */ = {isa = PBXBuildFile; fileRef = 89A723ED2104F7C200D97F1C /* GraphViewController.xib */; };
		89A93ADF1FE16DF900745321 /* CoreBluetooth.swift in Sources */ = {isa = PBXBuildFile; fileRef = 89A93ADE1FE16DF900745321 /* CoreBluetooth.swift */; };
		89B826FE20053BE30094F417 /* LayerViewController.swift in Sources */ = {isa = PBXBuildFile; fileRef = 89B826FC20053BE30094F417 /* LayerViewController.swift */; };
		89B826FF20053BE30094F417 /* LayerViewController.xib in Resources */ = {isa = PBXBuildFile; fileRef = 89B826FD20053BE30094F417 /* LayerViewController.xib */; };
		89B82701200547100094F417 /* star.png in Resources */ = {isa = PBXBuildFile; fileRef = 89B827002005470F0094F417 /* star.png */; };
		89CED5AF1FB699D200CBB3F6 /* MainViewController.swift in Sources */ = {isa = PBXBuildFile; fileRef = 89CED5AD1FB699D200CBB3F6 /* MainViewController.swift */; };
		89CED5B01FB699D200CBB3F6 /* MainViewController.xib in Resources */ = {isa = PBXBuildFile; fileRef = 89CED5AE1FB699D200CBB3F6 /* MainViewController.xib */; };
		89CED5B31FB69C4000CBB3F6 /* FoodViewController.swift in Sources */ = {isa = PBXBuildFile; fileRef = 89CED5B11FB69C4000CBB3F6 /* FoodViewController.swift */; };
		89CED5B41FB69C4000CBB3F6 /* FoodViewController.xib in Resources */ = {isa = PBXBuildFile; fileRef = 89CED5B21FB69C4000CBB3F6 /* FoodViewController.xib */; };
		89E8513C1FE65B870009C9C3 /* Inittialization.swift in Sources */ = {isa = PBXBuildFile; fileRef = 89E8513B1FE65B870009C9C3 /* Inittialization.swift */; };
		89F1CF9A1FF80D9E00547F40 /* Time.swift in Sources */ = {isa = PBXBuildFile; fileRef = 89F1CF991FF80D9E00547F40 /* Time.swift */; };
		89F51B702001490E00358370 /* Inheritence.swift in Sources */ = {isa = PBXBuildFile; fileRef = 89F51B6F2001490E00358370 /* Inheritence.swift */; };
		89FD89AC1FB85B8A001AA182 /* defaultPhoto.png in Resources */ = {isa = PBXBuildFile; fileRef = 89FD89AA1FB85B8A001AA182 /* defaultPhoto.png */; };
		89FD89AD1FB85B8A001AA182 /* meal1.png in Resources */ = {isa = PBXBuildFile; fileRef = 89FD89AB1FB85B8A001AA182 /* meal1.png */; };
		89FF1F3D1FADB6F9008132D9 /* AppDelegate.swift in Sources */ = {isa = PBXBuildFile; fileRef = 89FF1F3C1FADB6F9008132D9 /* AppDelegate.swift */; };
		89FF1F3F1FADB6F9008132D9 /* ViewController.swift in Sources */ = {isa = PBXBuildFile; fileRef = 89FF1F3E1FADB6F9008132D9 /* ViewController.swift */; };
		89FF1F421FADB6F9008132D9 /* Main.storyboard in Resources */ = {isa = PBXBuildFile; fileRef = 89FF1F401FADB6F9008132D9 /* Main.storyboard */; };
		89FF1F441FADB6F9008132D9 /* Assets.xcassets in Resources */ = {isa = PBXBuildFile; fileRef = 89FF1F431FADB6F9008132D9 /* Assets.xcassets */; };
		89FF1F471FADB6F9008132D9 /* LaunchScreen.storyboard in Resources */ = {isa = PBXBuildFile; fileRef = 89FF1F451FADB6F9008132D9 /* LaunchScreen.storyboard */; };
		89FF1F521FADB730008132D9 /* TutorialViewController.swift in Sources */ = {isa = PBXBuildFile; fileRef = 89FF1F501FADB730008132D9 /* TutorialViewController.swift */; };
		89FF1F531FADB730008132D9 /* TutorialViewController.xib in Resources */ = {isa = PBXBuildFile; fileRef = 89FF1F511FADB730008132D9 /* TutorialViewController.xib */; };
/* End PBXBuildFile section */

/* Begin PBXFileReference section */
		890F9CC720BC6A3700D36A9A /* FirstFile.swift */ = {isa = PBXFileReference; lastKnownFileType = sourcecode.swift; path = FirstFile.swift; sourceTree = "<group>"; };
		890F9CC920BC6A4400D36A9A /* SecondFile.swift */ = {isa = PBXFileReference; lastKnownFileType = sourcecode.swift; path = SecondFile.swift; sourceTree = "<group>"; };
		890F9CCC20BD77AE00D36A9A /* SharedPreference.swift */ = {isa = PBXFileReference; lastKnownFileType = sourcecode.swift; path = SharedPreference.swift; sourceTree = "<group>"; };
		89266C6F1FCC64E6000615CA /* RatingControl.swift */ = {isa = PBXFileReference; lastKnownFileType = sourcecode.swift; path = RatingControl.swift; sourceTree = "<group>"; };
		8939800320C1C11800E45987 /* BaseAggregate.swift */ = {isa = PBXFileReference; lastKnownFileType = sourcecode.swift; path = BaseAggregate.swift; sourceTree = "<group>"; };
		8939800520C1C1FE00E45987 /* BloodGlucoseAggregate.swift */ = {isa = PBXFileReference; lastKnownFileType = sourcecode.swift; path = BloodGlucoseAggregate.swift; sourceTree = "<group>"; };
		8939800720C1C2B500E45987 /* GenericBehave.swift */ = {isa = PBXFileReference; lastKnownFileType = sourcecode.swift; path = GenericBehave.swift; sourceTree = "<group>"; };
		893FDD632003ED8D00DD3D99 /* ModalViewController.swift */ = {isa = PBXFileReference; lastKnownFileType = sourcecode.swift; path = ModalViewController.swift; sourceTree = "<group>"; };
		893FDD642003ED8D00DD3D99 /* ModalViewController.xib */ = {isa = PBXFileReference; lastKnownFileType = file.xib; path = ModalViewController.xib; sourceTree = "<group>"; };
		8947841E20E6BFDD00AEBACE /* SwiftTimer.swift */ = {isa = PBXFileReference; lastKnownFileType = sourcecode.swift; path = SwiftTimer.swift; sourceTree = "<group>"; };
		8948CC952108EFBC0030062F /* DateTime.swift */ = {isa = PBXFileReference; lastKnownFileType = sourcecode.swift; path = DateTime.swift; sourceTree = "<group>"; };
		89595EEB1FD244F0008A3CE5 /* UiTableViewTestViewController.swift */ = {isa = PBXFileReference; lastKnownFileType = sourcecode.swift; path = UiTableViewTestViewController.swift; sourceTree = "<group>"; };
		89595EEC1FD244F0008A3CE5 /* UiTableViewTestViewController.xib */ = {isa = PBXFileReference; lastKnownFileType = file.xib; path = UiTableViewTestViewController.xib; sourceTree = "<group>"; };
		8969B0DE1FBFC82400C6B8B0 /* Function.swift */ = {isa = PBXFileReference; lastKnownFileType = sourcecode.swift; path = Function.swift; sourceTree = "<group>"; };
		8969B0E01FC024CF00C6B8B0 /* Closure.swift */ = {isa = PBXFileReference; lastKnownFileType = sourcecode.swift; path = Closure.swift; sourceTree = "<group>"; };
		8987F70F20D8ECD900979222 /* CollectionViewController.swift */ = {isa = PBXFileReference; lastKnownFileType = sourcecode.swift; path = CollectionViewController.swift; sourceTree = "<group>"; };
		8987F71020D8ECD900979222 /* CollectionViewController.xib */ = {isa = PBXFileReference; lastKnownFileType = file.xib; path = CollectionViewController.xib; sourceTree = "<group>"; };
		8987F71320D8FC1500979222 /* CustomCollectionViewCell.swift */ = {isa = PBXFileReference; lastKnownFileType = sourcecode.swift; path = CustomCollectionViewCell.swift; sourceTree = "<group>"; };
		8987F71420D8FC1500979222 /* CustomCollectionViewCell.xib */ = {isa = PBXFileReference; lastKnownFileType = file.xib; path = CustomCollectionViewCell.xib; sourceTree = "<group>"; };
		8993C81820C843FF00632452 /* CenterViewController.swift */ = {isa = PBXFileReference; lastKnownFileType = sourcecode.swift; path = CenterViewController.swift; sourceTree = "<group>"; };
		8993C81920C843FF00632452 /* CenterViewController.xib */ = {isa = PBXFileReference; lastKnownFileType = file.xib; path = CenterViewController.xib; sourceTree = "<group>"; };
		8993C81C20C84B9200632452 /* square.png */ = {isa = PBXFileReference; lastKnownFileType = image.png; path = square.png; sourceTree = "<group>"; };
		899E491A20F3DB1800F434B4 /* ShareViaView.xib */ = {isa = PBXFileReference; lastKnownFileType = file.xib; path = ShareViaView.xib; sourceTree = "<group>"; };
		899E491C20F3DB8200F434B4 /* ShareViaView.swift */ = {isa = PBXFileReference; lastKnownFileType = sourcecode.swift; path = ShareViaView.swift; sourceTree = "<group>"; };
		899E491E20F3E28200F434B4 /* ShareViaViewController.swift */ = {isa = PBXFileReference; lastKnownFileType = sourcecode.swift; path = ShareViaViewController.swift; sourceTree = "<group>"; };
		899E491F20F3E28200F434B4 /* ShareViaViewController.xib */ = {isa = PBXFileReference; lastKnownFileType = file.xib; path = ShareViaViewController.xib; sourceTree = "<group>"; };
		89A17EBC20C73CB7004B694C /* SortArray.swift */ = {isa = PBXFileReference; lastKnownFileType = sourcecode.swift; path = SortArray.swift; sourceTree = "<group>"; };
		89A723EA2104F2C100D97F1C /* DotGraphView.swift */ = {isa = PBXFileReference; lastKnownFileType = sourcecode.swift; path = DotGraphView.swift; sourceTree = "<group>"; };
		89A723EC2104F7C200D97F1C /* GraphViewController.swift */ = {isa = PBXFileReference; lastKnownFileType = sourcecode.swift; path = GraphViewController.swift; sourceTree = "<group>"; };
		89A723ED2104F7C200D97F1C /* GraphViewController.xib */ = {isa = PBXFileReference; lastKnownFileType = file.xib; path = GraphViewController.xib; sourceTree = "<group>"; };
		89A93ADE1FE16DF900745321 /* CoreBluetooth.swift */ = {isa = PBXFileReference; lastKnownFileType = sourcecode.swift; path = CoreBluetooth.swift; sourceTree = "<group>"; };
		89B826FC20053BE30094F417 /* LayerViewController.swift */ = {isa = PBXFileReference; lastKnownFileType = sourcecode.swift; path = LayerViewController.swift; sourceTree = "<group>"; };
		89B826FD20053BE30094F417 /* LayerViewController.xib */ = {isa = PBXFileReference; lastKnownFileType = file.xib; path = LayerViewController.xib; sourceTree = "<group>"; };
		89B827002005470F0094F417 /* star.png */ = {isa = PBXFileReference; lastKnownFileType = image.png; path = star.png; sourceTree = "<group>"; };
		89CED5AD1FB699D200CBB3F6 /* MainViewController.swift */ = {isa = PBXFileReference; lastKnownFileType = sourcecode.swift; path = MainViewController.swift; sourceTree = "<group>"; };
		89CED5AE1FB699D200CBB3F6 /* MainViewController.xib */ = {isa = PBXFileReference; lastKnownFileType = file.xib; path = MainViewController.xib; sourceTree = "<group>"; };
		89CED5B11FB69C4000CBB3F6 /* FoodViewController.swift */ = {isa = PBXFileReference; lastKnownFileType = sourcecode.swift; path = FoodViewController.swift; sourceTree = "<group>"; };
		89CED5B21FB69C4000CBB3F6 /* FoodViewController.xib */ = {isa = PBXFileReference; lastKnownFileType = file.xib; path = FoodViewController.xib; sourceTree = "<group>"; };
		89E8513B1FE65B870009C9C3 /* Inittialization.swift */ = {isa = PBXFileReference; lastKnownFileType = sourcecode.swift; path = Inittialization.swift; sourceTree = "<group>"; };
		89F1CF991FF80D9E00547F40 /* Time.swift */ = {isa = PBXFileReference; lastKnownFileType = sourcecode.swift; path = Time.swift; sourceTree = "<group>"; };
		89F51B6F2001490E00358370 /* Inheritence.swift */ = {isa = PBXFileReference; lastKnownFileType = sourcecode.swift; path = Inheritence.swift; sourceTree = "<group>"; };
		89FD89AA1FB85B8A001AA182 /* defaultPhoto.png */ = {isa = PBXFileReference; lastKnownFileType = image.png; path = defaultPhoto.png; sourceTree = "<group>"; };
		89FD89AB1FB85B8A001AA182 /* meal1.png */ = {isa = PBXFileReference; lastKnownFileType = image.png; path = meal1.png; sourceTree = "<group>"; };
		89FF1F391FADB6F9008132D9 /* SwiftTutorial.app */ = {isa = PBXFileReference; explicitFileType = wrapper.application; includeInIndex = 0; path = SwiftTutorial.app; sourceTree = BUILT_PRODUCTS_DIR; };
		89FF1F3C1FADB6F9008132D9 /* AppDelegate.swift */ = {isa = PBXFileReference; lastKnownFileType = sourcecode.swift; path = AppDelegate.swift; sourceTree = "<group>"; };
		89FF1F3E1FADB6F9008132D9 /* ViewController.swift */ = {isa = PBXFileReference; lastKnownFileType = sourcecode.swift; path = ViewController.swift; sourceTree = "<group>"; };
		89FF1F411FADB6F9008132D9 /* Base */ = {isa = PBXFileReference; lastKnownFileType = file.storyboard; name = Base; path = Base.lproj/Main.storyboard; sourceTree = "<group>"; };
		89FF1F431FADB6F9008132D9 /* Assets.xcassets */ = {isa = PBXFileReference; lastKnownFileType = folder.assetcatalog; path = Assets.xcassets; sourceTree = "<group>"; };
		89FF1F461FADB6F9008132D9 /* Base */ = {isa = PBXFileReference; lastKnownFileType = file.storyboard; name = Base; path = Base.lproj/LaunchScreen.storyboard; sourceTree = "<group>"; };
		89FF1F481FADB6F9008132D9 /* Info.plist */ = {isa = PBXFileReference; lastKnownFileType = text.plist.xml; path = Info.plist; sourceTree = "<group>"; };
		89FF1F501FADB730008132D9 /* TutorialViewController.swift */ = {isa = PBXFileReference; lastKnownFileType = sourcecode.swift; path = TutorialViewController.swift; sourceTree = "<group>"; };
		89FF1F511FADB730008132D9 /* TutorialViewController.xib */ = {isa = PBXFileReference; lastKnownFileType = file.xib; path = TutorialViewController.xib; sourceTree = "<group>"; };
/* End PBXFileReference section */

/* Begin PBXFrameworksBuildPhase section */
		89FF1F361FADB6F9008132D9 /* Frameworks */ = {
			isa = PBXFrameworksBuildPhase;
			buildActionMask = 2147483647;
			files = (
			);
			runOnlyForDeploymentPostprocessing = 0;
		};
/* End PBXFrameworksBuildPhase section */

/* Begin PBXGroup section */
		890F9CC620BC6A1E00D36A9A /* delegate */ = {
			isa = PBXGroup;
			children = (
				890F9CC720BC6A3700D36A9A /* FirstFile.swift */,
				890F9CC920BC6A4400D36A9A /* SecondFile.swift */,
			);
			path = delegate;
			sourceTree = "<group>";
		};
		890F9CCB20BD779500D36A9A /* sharedpreference */ = {
			isa = PBXGroup;
			children = (
				890F9CCC20BD77AE00D36A9A /* SharedPreference.swift */,
			);
			path = sharedpreference;
			sourceTree = "<group>";
		};
		8939800220C1BDDE00E45987 /* Generic */ = {
			isa = PBXGroup;
			children = (
				8939800320C1C11800E45987 /* BaseAggregate.swift */,
				8939800520C1C1FE00E45987 /* BloodGlucoseAggregate.swift */,
				8939800720C1C2B500E45987 /* GenericBehave.swift */,
			);
			path = Generic;
			sourceTree = "<group>";
		};
		8947841D20E6BFAE00AEBACE /* timer */ = {
			isa = PBXGroup;
			children = (
				8947841E20E6BFDD00AEBACE /* SwiftTimer.swift */,
			);
			path = timer;
			sourceTree = "<group>";
		};
		8948CC942108CC400030062F /* datetime */ = {
			isa = PBXGroup;
			children = (
				8948CC952108EFBC0030062F /* DateTime.swift */,
			);
			path = datetime;
			sourceTree = "<group>";
		};
		8987F70E20D8EC6500979222 /* collection */ = {
			isa = PBXGroup;
			children = (
				8987F70F20D8ECD900979222 /* CollectionViewController.swift */,
				8987F71020D8ECD900979222 /* CollectionViewController.xib */,
				8987F71320D8FC1500979222 /* CustomCollectionViewCell.swift */,
				8987F71420D8FC1500979222 /* CustomCollectionViewCell.xib */,
			);
			path = collection;
			sourceTree = "<group>";
		};
		8993C81720C843B100632452 /* uiheck */ = {
			isa = PBXGroup;
			children = (
				8993C81820C843FF00632452 /* CenterViewController.swift */,
				8993C81920C843FF00632452 /* CenterViewController.xib */,
			);
			path = uiheck;
			sourceTree = "<group>";
		};
		899E491920F3DAF400F434B4 /* sharevia */ = {
			isa = PBXGroup;
			children = (
				899E491A20F3DB1800F434B4 /* ShareViaView.xib */,
				899E491C20F3DB8200F434B4 /* ShareViaView.swift */,
				899E491E20F3E28200F434B4 /* ShareViaViewController.swift */,
				899E491F20F3E28200F434B4 /* ShareViaViewController.xib */,
			);
			path = sharevia;
			sourceTree = "<group>";
		};
		89A17EBB20C73C9F004B694C /* arraysort */ = {
			isa = PBXGroup;
			children = (
				89A17EBC20C73CB7004B694C /* SortArray.swift */,
			);
			path = arraysort;
			sourceTree = "<group>";
		};
		89A723E92104F29B00D97F1C /* graph */ = {
			isa = PBXGroup;
			children = (
				89A723EA2104F2C100D97F1C /* DotGraphView.swift */,
				89A723EC2104F7C200D97F1C /* GraphViewController.swift */,
				89A723ED2104F7C200D97F1C /* GraphViewController.xib */,
			);
			path = graph;
			sourceTree = "<group>";
		};
		89FD89A91FB85B8A001AA182 /* Images */ = {
			isa = PBXGroup;
			children = (
				8993C81C20C84B9200632452 /* square.png */,
				89B827002005470F0094F417 /* star.png */,
				89FD89AA1FB85B8A001AA182 /* defaultPhoto.png */,
				89FD89AB1FB85B8A001AA182 /* meal1.png */,
			);
			path = Images;
			sourceTree = "<group>";
		};
		89FF1F301FADB6F9008132D9 = {
			isa = PBXGroup;
			children = (
				89FF1F3B1FADB6F9008132D9 /* SwiftTutorial */,
				89FF1F3A1FADB6F9008132D9 /* Products */,
			);
			sourceTree = "<group>";
		};
		89FF1F3A1FADB6F9008132D9 /* Products */ = {
			isa = PBXGroup;
			children = (
				89FF1F391FADB6F9008132D9 /* SwiftTutorial.app */,
			);
			name = Products;
			sourceTree = "<group>";
		};
		89FF1F3B1FADB6F9008132D9 /* SwiftTutorial */ = {
			isa = PBXGroup;
			children = (
				8948CC942108CC400030062F /* datetime */,
				89A723E92104F29B00D97F1C /* graph */,
				899E491920F3DAF400F434B4 /* sharevia */,
				8947841D20E6BFAE00AEBACE /* timer */,
				8987F70E20D8EC6500979222 /* collection */,
				8993C81720C843B100632452 /* uiheck */,
				89A17EBB20C73C9F004B694C /* arraysort */,
				8939800220C1BDDE00E45987 /* Generic */,
				890F9CCB20BD779500D36A9A /* sharedpreference */,
				890F9CC620BC6A1E00D36A9A /* delegate */,
				89FD89A91FB85B8A001AA182 /* Images */,
				89FF1F3C1FADB6F9008132D9 /* AppDelegate.swift */,
				89FF1F3E1FADB6F9008132D9 /* ViewController.swift */,
				89FF1F401FADB6F9008132D9 /* Main.storyboard */,
				89FF1F431FADB6F9008132D9 /* Assets.xcassets */,
				89FF1F451FADB6F9008132D9 /* LaunchScreen.storyboard */,
				89FF1F481FADB6F9008132D9 /* Info.plist */,
				89FF1F501FADB730008132D9 /* TutorialViewController.swift */,
				89FF1F511FADB730008132D9 /* TutorialViewController.xib */,
				89CED5AD1FB699D200CBB3F6 /* MainViewController.swift */,
				89CED5AE1FB699D200CBB3F6 /* MainViewController.xib */,
				89CED5B11FB69C4000CBB3F6 /* FoodViewController.swift */,
				89CED5B21FB69C4000CBB3F6 /* FoodViewController.xib */,
				89266C6F1FCC64E6000615CA /* RatingControl.swift */,
				8969B0DE1FBFC82400C6B8B0 /* Function.swift */,
				8969B0E01FC024CF00C6B8B0 /* Closure.swift */,
				89595EEB1FD244F0008A3CE5 /* UiTableViewTestViewController.swift */,
				89595EEC1FD244F0008A3CE5 /* UiTableViewTestViewController.xib */,
				89A93ADE1FE16DF900745321 /* CoreBluetooth.swift */,
				89E8513B1FE65B870009C9C3 /* Inittialization.swift */,
				89F1CF991FF80D9E00547F40 /* Time.swift */,
				89F51B6F2001490E00358370 /* Inheritence.swift */,
				893FDD632003ED8D00DD3D99 /* ModalViewController.swift */,
				893FDD642003ED8D00DD3D99 /* ModalViewController.xib */,
				89B826FC20053BE30094F417 /* LayerViewController.swift */,
				89B826FD20053BE30094F417 /* LayerViewController.xib */,
			);
			path = SwiftTutorial;
			sourceTree = "<group>";
		};
/* End PBXGroup section */

/* Begin PBXNativeTarget section */
		89FF1F381FADB6F9008132D9 /* SwiftTutorial */ = {
			isa = PBXNativeTarget;
			buildConfigurationList = 89FF1F4B1FADB6F9008132D9 /* Build configuration list for PBXNativeTarget "SwiftTutorial" */;
			buildPhases = (
				89FF1F351FADB6F9008132D9 /* Sources */,
				89FF1F361FADB6F9008132D9 /* Frameworks */,
				89FF1F371FADB6F9008132D9 /* Resources */,
			);
			buildRules = (
			);
			dependencies = (
			);
			name = SwiftTutorial;
			productName = SwiftTutorial;
			productReference = 89FF1F391FADB6F9008132D9 /* SwiftTutorial.app */;
			productType = "com.apple.product-type.application";
		};
/* End PBXNativeTarget section */

/* Begin PBXProject section */
		89FF1F311FADB6F9008132D9 /* Project object */ = {
			isa = PBXProject;
			attributes = {
				LastSwiftUpdateCheck = 0910;
				LastUpgradeCheck = 0910;
				ORGANIZATIONNAME = "Nazia Afroz";
				TargetAttributes = {
					89FF1F381FADB6F9008132D9 = {
						CreatedOnToolsVersion = 9.1;
						ProvisioningStyle = Automatic;
					};
				};
			};
			buildConfigurationList = 89FF1F341FADB6F9008132D9 /* Build configuration list for PBXProject "SwiftTutorial" */;
			compatibilityVersion = "Xcode 8.0";
			developmentRegion = en;
			hasScannedForEncodings = 0;
			knownRegions = (
				en,
				Base,
			);
			mainGroup = 89FF1F301FADB6F9008132D9;
			productRefGroup = 89FF1F3A1FADB6F9008132D9 /* Products */;
			projectDirPath = "";
			projectRoot = "";
			targets = (
				89FF1F381FADB6F9008132D9 /* SwiftTutorial */,
			);
		};
/* End PBXProject section */

/* Begin PBXResourcesBuildPhase section */
		89FF1F371FADB6F9008132D9 /* Resources */ = {
			isa = PBXResourcesBuildPhase;
			buildActionMask = 2147483647;
			files = (
				89CED5B41FB69C4000CBB3F6 /* FoodViewController.xib in Resources */,
				8993C81B20C843FF00632452 /* CenterViewController.xib in Resources */,
				89FF1F471FADB6F9008132D9 /* LaunchScreen.storyboard in Resources */,
				89FF1F441FADB6F9008132D9 /* Assets.xcassets in Resources */,
				89595EEE1FD244F0008A3CE5 /* UiTableViewTestViewController.xib in Resources */,
				89CED5B01FB699D200CBB3F6 /* MainViewController.xib in Resources */,
				8987F71220D8ECD900979222 /* CollectionViewController.xib in Resources */,
				89B82701200547100094F417 /* star.png in Resources */,
				89FD89AD1FB85B8A001AA182 /* meal1.png in Resources */,
				899E491B20F3DB1800F434B4 /* ShareViaView.xib in Resources */,
				893FDD662003ED8D00DD3D99 /* ModalViewController.xib in Resources */,
				899E492120F3E28200F434B4 /* ShareViaViewController.xib in Resources */,
				89FD89AC1FB85B8A001AA182 /* defaultPhoto.png in Resources */,
				8993C81D20C84B9200632452 /* square.png in Resources */,
				89FF1F531FADB730008132D9 /* TutorialViewController.xib in Resources */,
				89A723EF2104F7C200D97F1C /* GraphViewController.xib in Resources */,
				89B826FF20053BE30094F417 /* LayerViewController.xib in Resources */,
				89FF1F421FADB6F9008132D9 /* Main.storyboard in Resources */,
				8987F71620D8FC1500979222 /* CustomCollectionViewCell.xib in Resources */,
			);
			runOnlyForDeploymentPostprocessing = 0;
		};
/* End PBXResourcesBuildPhase section */

/* Begin PBXSourcesBuildPhase section */
		89FF1F351FADB6F9008132D9 /* Sources */ = {
			isa = PBXSourcesBuildPhase;
			buildActionMask = 2147483647;
			files = (
				89F1CF9A1FF80D9E00547F40 /* Time.swift in Sources */,
				8987F71520D8FC1500979222 /* CustomCollectionViewCell.swift in Sources */,
				8993C81A20C843FF00632452 /* CenterViewController.swift in Sources */,
				89FF1F3F1FADB6F9008132D9 /* ViewController.swift in Sources */,
				8939800420C1C11800E45987 /* BaseAggregate.swift in Sources */,
				890F9CC820BC6A3700D36A9A /* FirstFile.swift in Sources */,
				8948CC962108EFBC0030062F /* DateTime.swift in Sources */,
				89F51B702001490E00358370 /* Inheritence.swift in Sources */,
				89CED5B31FB69C4000CBB3F6 /* FoodViewController.swift in Sources */,
				89FF1F521FADB730008132D9 /* TutorialViewController.swift in Sources */,
				89B826FE20053BE30094F417 /* LayerViewController.swift in Sources */,
				8969B0DF1FBFC82400C6B8B0 /* Function.swift in Sources */,
				893FDD652003ED8D00DD3D99 /* ModalViewController.swift in Sources */,
				89E8513C1FE65B870009C9C3 /* Inittialization.swift in Sources */,
				8987F71120D8ECD900979222 /* CollectionViewController.swift in Sources */,
				89595EED1FD244F0008A3CE5 /* UiTableViewTestViewController.swift in Sources */,
				890F9CCD20BD77AE00D36A9A /* SharedPreference.swift in Sources */,
				89A17EBD20C73CB7004B694C /* SortArray.swift in Sources */,
				89266C701FCC64E6000615CA /* RatingControl.swift in Sources */,
				8969B0E11FC024CF00C6B8B0 /* Closure.swift in Sources */,
				8939800620C1C1FE00E45987 /* BloodGlucoseAggregate.swift in Sources */,
				89A723EB2104F2C100D97F1C /* DotGraphView.swift in Sources */,
				89A723EE2104F7C200D97F1C /* GraphViewController.swift in Sources */,
				890F9CCA20BC6A4400D36A9A /* SecondFile.swift in Sources */,
				899E492020F3E28200F434B4 /* ShareViaViewController.swift in Sources */,
				8947841F20E6BFDD00AEBACE /* SwiftTimer.swift in Sources */,
				89A93ADF1FE16DF900745321 /* CoreBluetooth.swift in Sources */,
				899E491D20F3DB8200F434B4 /* ShareViaView.swift in Sources */,
				89FF1F3D1FADB6F9008132D9 /* AppDelegate.swift in Sources */,
				89CED5AF1FB699D200CBB3F6 /* MainViewController.swift in Sources */,
				8939800820C1C2B500E45987 /* GenericBehave.swift in Sources */,
			);
			runOnlyForDeploymentPostprocessing = 0;
		};
/* End PBXSourcesBuildPhase section */

/* Begin PBXVariantGroup section */
		89FF1F401FADB6F9008132D9 /* Main.storyboard */ = {
			isa = PBXVariantGroup;
			children = (
				89FF1F411FADB6F9008132D9 /* Base */,
			);
			name = Main.storyboard;
			sourceTree = "<group>";
		};
		89FF1F451FADB6F9008132D9 /* LaunchScreen.storyboard */ = {
			isa = PBXVariantGroup;
			children = (
				89FF1F461FADB6F9008132D9 /* Base */,
			);
			name = LaunchScreen.storyboard;
			sourceTree = "<group>";
		};
/* End PBXVariantGroup section */

/* Begin XCBuildConfiguration section */
		89FF1F491FADB6F9008132D9 /* Debug */ = {
			isa = XCBuildConfiguration;
			buildSettings = {
				ALWAYS_SEARCH_USER_PATHS = NO;
				CLANG_ANALYZER_NONNULL = YES;
				CLANG_ANALYZER_NUMBER_OBJECT_CONVERSION = YES_AGGRESSIVE;
				CLANG_CXX_LANGUAGE_STANDARD = "gnu++14";
				CLANG_CXX_LIBRARY = "libc++";
				CLANG_ENABLE_MODULES = YES;
				CLANG_ENABLE_OBJC_ARC = YES;
				CLANG_WARN_BLOCK_CAPTURE_AUTORELEASING = YES;
				CLANG_WARN_BOOL_CONVERSION = YES;
				CLANG_WARN_COMMA = YES;
				CLANG_WARN_CONSTANT_CONVERSION = YES;
				CLANG_WARN_DIRECT_OBJC_ISA_USAGE = YES_ERROR;
				CLANG_WARN_DOCUMENTATION_COMMENTS = YES;
				CLANG_WARN_EMPTY_BODY = YES;
				CLANG_WARN_ENUM_CONVERSION = YES;
				CLANG_WARN_INFINITE_RECURSION = YES;
				CLANG_WARN_INT_CONVERSION = YES;
				CLANG_WARN_NON_LITERAL_NULL_CONVERSION = YES;
				CLANG_WARN_OBJC_LITERAL_CONVERSION = YES;
				CLANG_WARN_OBJC_ROOT_CLASS = YES_ERROR;
				CLANG_WARN_RANGE_LOOP_ANALYSIS = YES;
				CLANG_WARN_STRICT_PROTOTYPES = YES;
				CLANG_WARN_SUSPICIOUS_MOVE = YES;
				CLANG_WARN_UNGUARDED_AVAILABILITY = YES_AGGRESSIVE;
				CLANG_WARN_UNREACHABLE_CODE = YES;
				CLANG_WARN__DUPLICATE_METHOD_MATCH = YES;
				CODE_SIGN_IDENTITY = "iPhone Developer";
				COPY_PHASE_STRIP = NO;
				DEBUG_INFORMATION_FORMAT = dwarf;
				ENABLE_STRICT_OBJC_MSGSEND = YES;
				ENABLE_TESTABILITY = YES;
				GCC_C_LANGUAGE_STANDARD = gnu11;
				GCC_DYNAMIC_NO_PIC = NO;
				GCC_NO_COMMON_BLOCKS = YES;
				GCC_OPTIMIZATION_LEVEL = 0;
				GCC_PREPROCESSOR_DEFINITIONS = (
					"DEBUG=1",
					"$(inherited)",
				);
				GCC_WARN_64_TO_32_BIT_CONVERSION = YES;
				GCC_WARN_ABOUT_RETURN_TYPE = YES_ERROR;
				GCC_WARN_UNDECLARED_SELECTOR = YES;
				GCC_WARN_UNINITIALIZED_AUTOS = YES_AGGRESSIVE;
				GCC_WARN_UNUSED_FUNCTION = YES;
				GCC_WARN_UNUSED_VARIABLE = YES;
				IPHONEOS_DEPLOYMENT_TARGET = 11.1;
				MTL_ENABLE_DEBUG_INFO = YES;
				ONLY_ACTIVE_ARCH = YES;
				SDKROOT = iphoneos;
				SWIFT_ACTIVE_COMPILATION_CONDITIONS = DEBUG;
				SWIFT_OPTIMIZATION_LEVEL = "-Onone";
			};
			name = Debug;
		};
		89FF1F4A1FADB6F9008132D9 /* Release */ = {
			isa = XCBuildConfiguration;
			buildSettings = {
				ALWAYS_SEARCH_USER_PATHS = NO;
				CLANG_ANALYZER_NONNULL = YES;
				CLANG_ANALYZER_NUMBER_OBJECT_CONVERSION = YES_AGGRESSIVE;
				CLANG_CXX_LANGUAGE_STANDARD = "gnu++14";
				CLANG_CXX_LIBRARY = "libc++";
				CLANG_ENABLE_MODULES = YES;
				CLANG_ENABLE_OBJC_ARC = YES;
				CLANG_WARN_BLOCK_CAPTURE_AUTORELEASING = YES;
				CLANG_WARN_BOOL_CONVERSION = YES;
				CLANG_WARN_COMMA = YES;
				CLANG_WARN_CONSTANT_CONVERSION = YES;
				CLANG_WARN_DIRECT_OBJC_ISA_USAGE = YES_ERROR;
				CLANG_WARN_DOCUMENTATION_COMMENTS = YES;
				CLANG_WARN_EMPTY_BODY = YES;
				CLANG_WARN_ENUM_CONVERSION = YES;
				CLANG_WARN_INFINITE_RECURSION = YES;
				CLANG_WARN_INT_CONVERSION = YES;
				CLANG_WARN_NON_LITERAL_NULL_CONVERSION = YES;
				CLANG_WARN_OBJC_LITERAL_CONVERSION = YES;
				CLANG_WARN_OBJC_ROOT_CLASS = YES_ERROR;
				CLANG_WARN_RANGE_LOOP_ANALYSIS = YES;
				CLANG_WARN_STRICT_PROTOTYPES = YES;
				CLANG_WARN_SUSPICIOUS_MOVE = YES;
				CLANG_WARN_UNGUARDED_AVAILABILITY = YES_AGGRESSIVE;
				CLANG_WARN_UNREACHABLE_CODE = YES;
				CLANG_WARN__DUPLICATE_METHOD_MATCH = YES;
				CODE_SIGN_IDENTITY = "iPhone Developer";
				COPY_PHASE_STRIP = NO;
				DEBUG_INFORMATION_FORMAT = "dwarf-with-dsym";
				ENABLE_NS_ASSERTIONS = NO;
				ENABLE_STRICT_OBJC_MSGSEND = YES;
				GCC_C_LANGUAGE_STANDARD = gnu11;
				GCC_NO_COMMON_BLOCKS = YES;
				GCC_WARN_64_TO_32_BIT_CONVERSION = YES;
				GCC_WARN_ABOUT_RETURN_TYPE = YES_ERROR;
				GCC_WARN_UNDECLARED_SELECTOR = YES;
				GCC_WARN_UNINITIALIZED_AUTOS = YES_AGGRESSIVE;
				GCC_WARN_UNUSED_FUNCTION = YES;
				GCC_WARN_UNUSED_VARIABLE = YES;
				IPHONEOS_DEPLOYMENT_TARGET = 11.1;
				MTL_ENABLE_DEBUG_INFO = NO;
				SDKROOT = iphoneos;
				SWIFT_OPTIMIZATION_LEVEL = "-Owholemodule";
				VALIDATE_PRODUCT = YES;
			};
			name = Release;
		};
		89FF1F4C1FADB6F9008132D9 /* Debug */ = {
			isa = XCBuildConfiguration;
			buildSettings = {
				ASSETCATALOG_COMPILER_APPICON_NAME = AppIcon;
				"CODE_SIGN_IDENTITY[sdk=iphoneos*]" = "iPhone Developer";
				CODE_SIGN_STYLE = Automatic;
				DEVELOPMENT_TEAM = LWX4DDJ3DH;
				INFOPLIST_FILE = SwiftTutorial/Info.plist;
				IPHONEOS_DEPLOYMENT_TARGET = 10.0;
				LD_RUNPATH_SEARCH_PATHS = "$(inherited) @executable_path/Frameworks";
				PRODUCT_BUNDLE_IDENTIFIER = adam.SwiftTutorial;
				PRODUCT_NAME = "$(TARGET_NAME)";
				PROVISIONING_PROFILE_SPECIFIER = "";
				SWIFT_VERSION = 4.0;
				TARGETED_DEVICE_FAMILY = "1,2";
			};
			name = Debug;
		};
		89FF1F4D1FADB6F9008132D9 /* Release */ = {
			isa = XCBuildConfiguration;
			buildSettings = {
				ASSETCATALOG_COMPILER_APPICON_NAME = AppIcon;
				"CODE_SIGN_IDENTITY[sdk=iphoneos*]" = "iPhone Developer";
				CODE_SIGN_STYLE = Automatic;
				DEVELOPMENT_TEAM = LWX4DDJ3DH;
				INFOPLIST_FILE = SwiftTutorial/Info.plist;
				IPHONEOS_DEPLOYMENT_TARGET = 10.0;
				LD_RUNPATH_SEARCH_PATHS = "$(inherited) @executable_path/Frameworks";
				PRODUCT_BUNDLE_IDENTIFIER = adam.SwiftTutorial;
				PRODUCT_NAME = "$(TARGET_NAME)";
				PROVISIONING_PROFILE_SPECIFIER = "";
				SWIFT_VERSION = 4.0;
				TARGETED_DEVICE_FAMILY = "1,2";
			};
			name = Release;
		};
/* End XCBuildConfiguration section */

/* Begin XCConfigurationList section */
		89FF1F341FADB6F9008132D9 /* Build configuration list for PBXProject "SwiftTutorial" */ = {
			isa = XCConfigurationList;
			buildConfigurations = (
				89FF1F491FADB6F9008132D9 /* Debug */,
				89FF1F4A1FADB6F9008132D9 /* Release */,
			);
			defaultConfigurationIsVisible = 0;
			defaultConfigurationName = Release;
		};
		89FF1F4B1FADB6F9008132D9 /* Build configuration list for PBXNativeTarget "SwiftTutorial" */ = {
			isa = XCConfigurationList;
			buildConfigurations = (
				89FF1F4C1FADB6F9008132D9 /* Debug */,
				89FF1F4D1FADB6F9008132D9 /* Release */,
			);
			defaultConfigurationIsVisible = 0;
			defaultConfigurationName = Release;
		};
/* End XCConfigurationList section */
	};
	rootObject = 89FF1F311FADB6F9008132D9 /* Project object */;
}
